
Microsoft Visual Studio Solution File, Format Version 12.00
# Visual Studio Version 16
VisualStudioVersion = 16.0.30406.217
MinimumVisualStudioVersion = 10.0.40219.1
Project("{FAE04EC0-301F-11D3-BF4B-00C04F79EFBC}") = "RimVali", "RimVali.csproj", "{2F885FB4-711D-47FB-AA2D-47069D72DB63}"
EndProject
Project("{FAE04EC0-301F-11D3-BF4B-00C04F79EFBC}") = "HARPATCHES", "HARPATCHES\HARPATCHES\HARPATCHES.csproj", "{C26A8B61-8B01-4A81-835D-42B2FB8C3A65}"
EndProject
Global
	GlobalSection(SolutionConfigurationPlatforms) = preSolution
		Debug|Any CPU = Debug|Any CPU
		Release|Any CPU = Release|Any CPU
	EndGlobalSection
	GlobalSection(ProjectConfigurationPlatforms) = postSolution
		{2F885FB4-711D-47FB-AA2D-47069D72DB63}.Debug|Any CPU.ActiveCfg = Debug|Any CPU
		{2F885FB4-711D-47FB-AA2D-47069D72DB63}.Debug|Any CPU.Build.0 = Debug|Any CPU
		{2F885FB4-711D-47FB-AA2D-47069D72DB63}.Release|Any CPU.ActiveCfg = Release|Any CPU
		{2F885FB4-711D-47FB-AA2D-47069D72DB63}.Release|Any CPU.Build.0 = Release|Any CPU
		{C26A8B61-8B01-4A81-835D-42B2FB8C3A65}.Debug|Any CPU.ActiveCfg = Debug|Any CPU
		{C26A8B61-8B01-4A81-835D-42B2FB8C3A65}.Debug|Any CPU.Build.0 = Debug|Any CPU
		{C26A8B61-8B01-4A81-835D-42B2FB8C3A65}.Release|Any CPU.ActiveCfg = Release|Any CPU
		{C26A8B61-8B01-4A81-835D-42B2FB8C3A65}.Release|Any CPU.Build.0 = Release|Any CPU
	EndGlobalSection
	GlobalSection(SolutionProperties) = preSolution
		HideSolutionNode = FALSE
	EndGlobalSection
	GlobalSection(ExtensibilityGlobals) = postSolution
		SolutionGuid = {015C6E28-5229-4E0F-9534-792D71D713CC}
	EndGlobalSection
EndGlobal
